// !$*UTF8*$!
{
	archiveVersion = 1;
	classes = {
	};
	objectVersion = 46;
	objects = {

/* Begin PBXBuildFile section */
		83AB20C7B3B5FDE8AB8E5335 /* libPods-cwa.a in Frameworks */ = {isa = PBXBuildFile; fileRef = 76F9626FB1F84230A977E5BC /* libPods-cwa.a */; };
		FB1A6FC51BFF6AF60098D2F6 /* main.m in Sources */ = {isa = PBXBuildFile; fileRef = FB1A6FC41BFF6AF60098D2F6 /* main.m */; };
		FB1A6FC81BFF6AF60098D2F6 /* AppDelegate.m in Sources */ = {isa = PBXBuildFile; fileRef = FB1A6FC71BFF6AF60098D2F6 /* AppDelegate.m */; };
		FB1A6FCE1BFF6AF60098D2F6 /* Main.storyboard in Resources */ = {isa = PBXBuildFile; fileRef = FB1A6FCC1BFF6AF60098D2F6 /* Main.storyboard */; };
		FB1A6FD01BFF6AF60098D2F6 /* Assets.xcassets in Resources */ = {isa = PBXBuildFile; fileRef = FB1A6FCF1BFF6AF60098D2F6 /* Assets.xcassets */; };
		FB1A6FD31BFF6AF60098D2F6 /* LaunchScreen.storyboard in Resources */ = {isa = PBXBuildFile; fileRef = FB1A6FD11BFF6AF60098D2F6 /* LaunchScreen.storyboard */; };
		FB2575FD1BFF72BF009DD604 /* BaseViewController.m in Sources */ = {isa = PBXBuildFile; fileRef = FB2575FC1BFF72BF009DD604 /* BaseViewController.m */; };
		FB2576001BFF7392009DD604 /* ViewController1.m in Sources */ = {isa = PBXBuildFile; fileRef = FB2575FF1BFF7392009DD604 /* ViewController1.m */; };
		FB2576031BFF739E009DD604 /* ViewController2.m in Sources */ = {isa = PBXBuildFile; fileRef = FB2576021BFF739E009DD604 /* ViewController2.m */; };
/* End PBXBuildFile section */

/* Begin PBXFileReference section */
		76F9626FB1F84230A977E5BC /* libPods-cwa.a */ = {isa = PBXFileReference; explicitFileType = archive.ar; includeInIndex = 0; path = "libPods-cwa.a"; sourceTree = BUILT_PRODUCTS_DIR; };
		C12235EBE4C7969437B56478 /* Pods-cwa.release.xcconfig */ = {isa = PBXFileReference; includeInIndex = 1; lastKnownFileType = text.xcconfig; name = "Pods-cwa.release.xcconfig"; path = "Pods/Target Support Files/Pods-cwa/Pods-cwa.release.xcconfig"; sourceTree = "<group>"; };
		C2F64CAD49AF2EE917BA1D10 /* Pods-cwa.debug.xcconfig */ = {isa = PBXFileReference; includeInIndex = 1; lastKnownFileType = text.xcconfig; name = "Pods-cwa.debug.xcconfig"; path = "Pods/Target Support Files/Pods-cwa/Pods-cwa.debug.xcconfig"; sourceTree = "<group>"; };
		FB1A6FC01BFF6AF60098D2F6 /* cwa.app */ = {isa = PBXFileReference; explicitFileType = wrapper.application; includeInIndex = 0; path = cwa.app; sourceTree = BUILT_PRODUCTS_DIR; };
		FB1A6FC41BFF6AF60098D2F6 /* main.m */ = {isa = PBXFileReference; lastKnownFileType = sourcecode.c.objc; path = main.m; sourceTree = "<group>"; };
		FB1A6FC61BFF6AF60098D2F6 /* AppDelegate.h */ = {isa = PBXFileReference; lastKnownFileType = sourcecode.c.h; path = AppDelegate.h; sourceTree = "<group>"; };
		FB1A6FC71BFF6AF60098D2F6 /* AppDelegate.m */ = {isa = PBXFileReference; lastKnownFileType = sourcecode.c.objc; path = AppDelegate.m; sourceTree = "<group>"; };
		FB1A6FCD1BFF6AF60098D2F6 /* Base */ = {isa = PBXFileReference; lastKnownFileType = file.storyboard; name = Base; path = Base.lproj/Main.storyboard; sourceTree = "<group>"; };
		FB1A6FCF1BFF6AF60098D2F6 /* Assets.xcassets */ = {isa = PBXFileReference; lastKnownFileType = folder.assetcatalog; path = Assets.xcassets; sourceTree = "<group>"; };
		FB1A6FD21BFF6AF60098D2F6 /* Base */ = {isa = PBXFileReference; lastKnownFileType = file.storyboard; name = Base; path = Base.lproj/LaunchScreen.storyboard; sourceTree = "<group>"; };
		FB1A6FD41BFF6AF60098D2F6 /* Info.plist */ = {isa = PBXFileReference; lastKnownFileType = text.plist.xml; path = Info.plist; sourceTree = "<group>"; };
		FB2575FB1BFF72BF009DD604 /* BaseViewController.h */ = {isa = PBXFileReference; fileEncoding = 4; lastKnownFileType = sourcecode.c.h; path = BaseViewController.h; sourceTree = "<group>"; };
		FB2575FC1BFF72BF009DD604 /* BaseViewController.m */ = {isa = PBXFileReference; fileEncoding = 4; lastKnownFileType = sourcecode.c.objc; path = BaseViewController.m; sourceTree = "<group>"; };
		FB2575FE1BFF7392009DD604 /* ViewController1.h */ = {isa = PBXFileReference; fileEncoding = 4; lastKnownFileType = sourcecode.c.h; path = ViewController1.h; sourceTree = "<group>"; };
		FB2575FF1BFF7392009DD604 /* ViewController1.m */ = {isa = PBXFileReference; fileEncoding = 4; lastKnownFileType = sourcecode.c.objc; path = ViewController1.m; sourceTree = "<group>"; };
		FB2576011BFF739E009DD604 /* ViewController2.h */ = {isa = PBXFileReference; fileEncoding = 4; lastKnownFileType = sourcecode.c.h; path = ViewController2.h; sourceTree = "<group>"; };
		FB2576021BFF739E009DD604 /* ViewController2.m */ = {isa = PBXFileReference; fileEncoding = 4; lastKnownFileType = sourcecode.c.objc; path = ViewController2.m; sourceTree = "<group>"; };
/* End PBXFileReference section */

/* Begin PBXFrameworksBuildPhase section */
		FB1A6FBD1BFF6AF60098D2F6 /* Frameworks */ = {
			isa = PBXFrameworksBuildPhase;
			buildActionMask = 2147483647;
			files = (
				83AB20C7B3B5FDE8AB8E5335 /* libPods-cwa.a in Frameworks */,
			);
			runOnlyForDeploymentPostprocessing = 0;
		};
/* End PBXFrameworksBuildPhase section */

/* Begin PBXGroup section */
		7B786BFA4FB62BB4EC41C76E /* Frameworks */ = {
			isa = PBXGroup;
			children = (
				76F9626FB1F84230A977E5BC /* libPods-cwa.a */,
			);
			name = Frameworks;
			sourceTree = "<group>";
		};
		990F031E69C5FDB4EB583D26 /* Pods */ = {
			isa = PBXGroup;
			children = (
				C2F64CAD49AF2EE917BA1D10 /* Pods-cwa.debug.xcconfig */,
				C12235EBE4C7969437B56478 /* Pods-cwa.release.xcconfig */,
			);
			name = Pods;
			sourceTree = "<group>";
		};
		FB1A6FB71BFF6AF60098D2F6 = {
			isa = PBXGroup;
			children = (
				FB1A6FC21BFF6AF60098D2F6 /* cwa */,
				FB1A6FC11BFF6AF60098D2F6 /* Products */,
				990F031E69C5FDB4EB583D26 /* Pods */,
				7B786BFA4FB62BB4EC41C76E /* Frameworks */,
			);
			sourceTree = "<group>";
		};
		FB1A6FC11BFF6AF60098D2F6 /* Products */ = {
			isa = PBXGroup;
			children = (
				FB1A6FC01BFF6AF60098D2F6 /* cwa.app */,
			);
			name = Products;
			sourceTree = "<group>";
		};
		FB1A6FC21BFF6AF60098D2F6 /* cwa */ = {
			isa = PBXGroup;
			children = (
				FB1A6FC61BFF6AF60098D2F6 /* AppDelegate.h */,
				FB1A6FC71BFF6AF60098D2F6 /* AppDelegate.m */,
				FB2575FB1BFF72BF009DD604 /* BaseViewController.h */,
				FB2575FC1BFF72BF009DD604 /* BaseViewController.m */,
				FB2575FE1BFF7392009DD604 /* ViewController1.h */,
				FB2575FF1BFF7392009DD604 /* ViewController1.m */,
				FB2576011BFF739E009DD604 /* ViewController2.h */,
				FB2576021BFF739E009DD604 /* ViewController2.m */,
				FB1A6FCC1BFF6AF60098D2F6 /* Main.storyboard */,
				FB1A6FCF1BFF6AF60098D2F6 /* Assets.xcassets */,
				FB1A6FD11BFF6AF60098D2F6 /* LaunchScreen.storyboard */,
				FB1A6FD41BFF6AF60098D2F6 /* Info.plist */,
				FB1A6FC31BFF6AF60098D2F6 /* Supporting Files */,
			);
			path = cwa;
			sourceTree = "<group>";
		};
		FB1A6FC31BFF6AF60098D2F6 /* Supporting Files */ = {
			isa = PBXGroup;
			children = (
				FB1A6FC41BFF6AF60098D2F6 /* main.m */,
			);
			name = "Supporting Files";
			sourceTree = "<group>";
		};
/* End PBXGroup section */

/* Begin PBXNativeTarget section */
		FB1A6FBF1BFF6AF60098D2F6 /* cwa */ = {
			isa = PBXNativeTarget;
			buildConfigurationList = FB1A6FD71BFF6AF60098D2F6 /* Build configuration list for PBXNativeTarget "cwa" */;
			buildPhases = (
				C6AA37D55E0200A19FAC47D3 /* Check Pods Manifest.lock */,
				FB1A6FBC1BFF6AF60098D2F6 /* Sources */,
				FB1A6FBD1BFF6AF60098D2F6 /* Frameworks */,
				FB1A6FBE1BFF6AF60098D2F6 /* Resources */,
				8BD2268E5311B3F9A0F19F0E /* Embed Pods Frameworks */,
				3035718C93E5267D22BC5B64 /* Copy Pods Resources */,
			);
			buildRules = (
			);
			dependencies = (
			);
			name = cwa;
			productName = cwa;
			productReference = FB1A6FC01BFF6AF60098D2F6 /* cwa.app */;
			productType = "com.apple.product-type.application";
		};
/* End PBXNativeTarget section */

/* Begin PBXProject section */
		FB1A6FB81BFF6AF60098D2F6 /* Project object */ = {
			isa = PBXProject;
			attributes = {
				LastUpgradeCheck = 0710;
				ORGANIZATIONNAME = zztx;
				TargetAttributes = {
					FB1A6FBF1BFF6AF60098D2F6 = {
						CreatedOnToolsVersion = 7.1;
					};
				};
			};
			buildConfigurationList = FB1A6FBB1BFF6AF60098D2F6 /* Build configuration list for PBXProject "cwa" */;
			compatibilityVersion = "Xcode 3.2";
			developmentRegion = English;
			hasScannedForEncodings = 0;
			knownRegions = (
				en,
				Base,
			);
			mainGroup = FB1A6FB71BFF6AF60098D2F6;
			productRefGroup = FB1A6FC11BFF6AF60098D2F6 /* Products */;
			projectDirPath = "";
			projectRoot = "";
			targets = (
				FB1A6FBF1BFF6AF60098D2F6 /* cwa */,
			);
		};
/* End PBXProject section */

/* Begin PBXResourcesBuildPhase section */
		FB1A6FBE1BFF6AF60098D2F6 /* Resources */ = {
			isa = PBXResourcesBuildPhase;
			buildActionMask = 2147483647;
			files = (
				FB1A6FD31BFF6AF60098D2F6 /* LaunchScreen.storyboard in Resources */,
				FB1A6FD01BFF6AF60098D2F6 /* Assets.xcassets in Resources */,
				FB1A6FCE1BFF6AF60098D2F6 /* Main.storyboard in Resources */,
			);
			runOnlyForDeploymentPostprocessing = 0;
		};
/* End PBXResourcesBuildPhase section */

/* Begin PBXShellScriptBuildPhase section */
		3035718C93E5267D22BC5B64 /* Copy Pods Resources */ = {
			isa = PBXShellScriptBuildPhase;
			buildActionMask = 2147483647;
			files = (
			);
			inputPaths = (
			);
			name = "Copy Pods Resources";
			outputPaths = (
			);
			runOnlyForDeploymentPostprocessing = 0;
			shellPath = /bin/sh;
			shellScript = "\"${SRCROOT}/Pods/Target Support Files/Pods-cwa/Pods-cwa-resources.sh\"\n";
			showEnvVarsInLog = 0;
		};
		8BD2268E5311B3F9A0F19F0E /* Embed Pods Frameworks */ = {
			isa = PBXShellScriptBuildPhase;
			buildActionMask = 2147483647;
			files = (
			);
			inputPaths = (
			);
			name = "Embed Pods Frameworks";
			outputPaths = (
			);
			runOnlyForDeploymentPostprocessing = 0;
			shellPath = /bin/sh;
			shellScript = "\"${SRCROOT}/Pods/Target Support Files/Pods-cwa/Pods-cwa-frameworks.sh\"\n";
			showEnvVarsInLog = 0;
		};
		C6AA37D55E0200A19FAC47D3 /* Check Pods Manifest.lock */ = {
			isa = PBXShellScriptBuildPhase;
			buildActionMask = 2147483647;
			files = (
			);
			inputPaths = (
			);
			name = "Check Pods Manifest.lock";
			outputPaths = (
			);
			runOnlyForDeploymentPostprocessing = 0;
			shellPath = /bin/sh;
			shellScript = "diff \"${PODS_ROOT}/../Podfile.lock\" \"${PODS_ROOT}/Manifest.lock\" > /dev/null\nif [[ $? != 0 ]] ; then\n    cat << EOM\nerror: The sandbox is not in sync with the Podfile.lock. Run 'pod install' or update your CocoaPods installation.\nEOM\n    exit 1\nfi\n";
			showEnvVarsInLog = 0;
		};
/* End PBXShellScriptBuildPhase section */

/* Begin PBXSourcesBuildPhase section */
		FB1A6FBC1BFF6AF60098D2F6 /* Sources */ = {
			isa = PBXSourcesBuildPhase;
			buildActionMask = 2147483647;
			files = (
				FB2576001BFF7392009DD604 /* ViewController1.m in Sources */,
				FB1A6FC81BFF6AF60098D2F6 /* AppDelegate.m in Sources */,
				FB2576031BFF739E009DD604 /* ViewController2.m in Sources */,
				FB2575FD1BFF72BF009DD604 /* BaseViewController.m in Sources */,
				FB1A6FC51BFF6AF60098D2F6 /* main.m in Sources */,
			);
			runOnlyForDeploymentPostprocessing = 0;
		};
/* End PBXSourcesBuildPhase section */

/* Begin PBXVariantGroup section */
		FB1A6FCC1BFF6AF60098D2F6 /* Main.storyboard */ = {
			isa = PBXVariantGroup;
			children = (
				FB1A6FCD1BFF6AF60098D2F6 /* Base */,
			);
			name = Main.storyboard;
			sourceTree = "<group>";
		};
		FB1A6FD11BFF6AF60098D2F6 /* LaunchScreen.storyboard */ = {
			isa = PBXVariantGroup;
			children = (
				FB1A6FD21BFF6AF60098D2F6 /* Base */,
			);
			name = LaunchScreen.storyboard;
			sourceTree = "<group>";
		};
/* End PBXVariantGroup section */

/* Begin XCBuildConfiguration section */
		FB1A6FD51BFF6AF60098D2F6 /* Debug */ = {
			isa = XCBuildConfiguration;
			buildSettings = {
				ALWAYS_SEARCH_USER_PATHS = NO;
				CLANG_CXX_LANGUAGE_STANDARD = "gnu++0x";
				CLANG_CXX_LIBRARY = "libc++";
				CLANG_ENABLE_MODULES = YES;
				CLANG_ENABLE_OBJC_ARC = YES;
				CLANG_WARN_BOOL_CONVERSION = YES;
				CLANG_WARN_CONSTANT_CONVERSION = YES;
				CLANG_WARN_DIRECT_OBJC_ISA_USAGE = YES_ERROR;
				CLANG_WARN_EMPTY_BODY = YES;
				CLANG_WARN_ENUM_CONVERSION = YES;
				CLANG_WARN_INT_CONVERSION = YES;
				CLANG_WARN_OBJC_ROOT_CLASS = YES_ERROR;
				CLANG_WARN_UNREACHABLE_CODE = YES;
				CLANG_WARN__DUPLICATE_METHOD_MATCH = YES;
				"CODE_SIGN_IDENTITY[sdk=iphoneos*]" = "iPhone Developer";
				COPY_PHASE_STRIP = NO;
				DEBUG_INFORMATION_FORMAT = dwarf;
				ENABLE_STRICT_OBJC_MSGSEND = YES;
				ENABLE_TESTABILITY = YES;
				GCC_C_LANGUAGE_STANDARD = gnu99;
				GCC_DYNAMIC_NO_PIC = NO;
				GCC_NO_COMMON_BLOCKS = YES;
				GCC_OPTIMIZATION_LEVEL = 0;
				GCC_PREPROCESSOR_DEFINITIONS = (
					"DEBUG=1",
					"$(inherited)",
				);
				GCC_WARN_64_TO_32_BIT_CONVERSION = YES;
				GCC_WARN_ABOUT_RETURN_TYPE = YES_ERROR;
				GCC_WARN_UNDECLARED_SELECTOR = YES;
				GCC_WARN_UNINITIALIZED_AUTOS = YES_AGGRESSIVE;
				GCC_WARN_UNUSED_FUNCTION = YES;
				GCC_WARN_UNUSED_VARIABLE = YES;
				IPHONEOS_DEPLOYMENT_TARGET = 9.1;
				MTL_ENABLE_DEBUG_INFO = YES;
				ONLY_ACTIVE_ARCH = YES;
				SDKROOT = iphoneos;
			};
			name = Debug;
		};
		FB1A6FD61BFF6AF60098D2F6 /* Release */ = {
			isa = XCBuildConfiguration;
			buildSettings = {
				ALWAYS_SEARCH_USER_PATHS = NO;
				CLANG_CXX_LANGUAGE_STANDARD = "gnu++0x";
				CLANG_CXX_LIBRARY = "libc++";
				CLANG_ENABLE_MODULES = YES;
				CLANG_ENABLE_OBJC_ARC = YES;
				CLANG_WARN_BOOL_CONVERSION = YES;
				CLANG_WARN_CONSTANT_CONVERSION = YES;
				CLANG_WARN_DIRECT_OBJC_ISA_USAGE = YES_ERROR;
				CLANG_WARN_EMPTY_BODY = YES;
				CLANG_WARN_ENUM_CONVERSION = YES;
				CLANG_WARN_INT_CONVERSION = YES;
				CLANG_WARN_OBJC_ROOT_CLASS = YES_ERROR;
				CLANG_WARN_UNREACHABLE_CODE = YES;
				CLANG_WARN__DUPLICATE_METHOD_MATCH = YES;
				"CODE_SIGN_IDENTITY[sdk=iphoneos*]" = "iPhone Developer";
				COPY_PHASE_STRIP = NO;
				DEBUG_INFORMATION_FORMAT = "dwarf-with-dsym";
				ENABLE_NS_ASSERTIONS = NO;
				ENABLE_STRICT_OBJC_MSGSEND = YES;
				GCC_C_LANGUAGE_STANDARD = gnu99;
				GCC_NO_COMMON_BLOCKS = YES;
				GCC_WARN_64_TO_32_BIT_CONVERSION = YES;
				GCC_WARN_ABOUT_RETURN_TYPE = YES_ERROR;
				GCC_WARN_UNDECLARED_SELECTOR = YES;
				GCC_WARN_UNINITIALIZED_AUTOS = YES_AGGRESSIVE;
				GCC_WARN_UNUSED_FUNCTION = YES;
				GCC_WARN_UNUSED_VARIABLE = YES;
				IPHONEOS_DEPLOYMENT_TARGET = 9.1;
				MTL_ENABLE_DEBUG_INFO = NO;
				SDKROOT = iphoneos;
				VALIDATE_PRODUCT = YES;
			};
			name = Release;
		};
		FB1A6FD81BFF6AF60098D2F6 /* Debug */ = {
			isa = XCBuildConfiguration;
			baseConfigurationReference = C2F64CAD49AF2EE917BA1D10 /* Pods-cwa.debug.xcconfig */;
			buildSettings = {
				ASSETCATALOG_COMPILER_APPICON_NAME = AppIcon;
				INFOPLIST_FILE = cwa/Info.plist;
				IPHONEOS_DEPLOYMENT_TARGET = 8.4;
				LD_RUNPATH_SEARCH_PATHS = "$(inherited) @executable_path/Frameworks";
				PRODUCT_BUNDLE_IDENTIFIER = com.zztx.cwa;
				PRODUCT_NAME = "$(TARGET_NAME)";
				TARGETED_DEVICE_FAMILY = 2;
			};
			name = Debug;
		};
		FB1A6FD91BFF6AF60098D2F6 /* Release */ = {
			isa = XCBuildConfiguration;
			baseConfigurationReference = C12235EBE4C7969437B56478 /* Pods-cwa.release.xcconfig */;
			buildSettings = {
				ASSETCATALOG_COMPILER_APPICON_NAME = AppIcon;
				INFOPLIST_FILE = cwa/Info.plist;
				IPHONEOS_DEPLOYMENT_TARGET = 8.4;
				LD_RUNPATH_SEARCH_PATHS = "$(inherited) @executable_path/Frameworks";
				PRODUCT_BUNDLE_IDENTIFIER = com.zztx.cwa;
				PRODUCT_NAME = "$(TARGET_NAME)";
				TARGETED_DEVICE_FAMILY = 2;
			};
			name = Release;
		};
/* End XCBuildConfiguration section */

/* Begin XCConfigurationList section */
		FB1A6FBB1BFF6AF60098D2F6 /* Build configuration list for PBXProject "cwa" */ = {
			isa = XCConfigurationList;
			buildConfigurations = (
				FB1A6FD51BFF6AF60098D2F6 /* Debug */,
				FB1A6FD61BFF6AF60098D2F6 /* Release */,
			);
			defaultConfigurationIsVisible = 0;
			defaultConfigurationName = Release;
		};
		FB1A6FD71BFF6AF60098D2F6 /* Build configuration list for PBXNativeTarget "cwa" */ = {
			isa = XCConfigurationList;
			buildConfigurations = (
				FB1A6FD81BFF6AF60098D2F6 /* Debug */,
				FB1A6FD91BFF6AF60098D2F6 /* Release */,
			);
			defaultConfigurationIsVisible = 0;
			defaultConfigurationName = Release;
		};
/* End XCConfigurationList section */
	};
	rootObject = FB1A6FB81BFF6AF60098D2F6 /* Project object */;
}
